{
    "_meta": {
        "hash": {
            "sha256": "2abaaafc91096251adac9c0b9d39ddc1f297276f7113abb8e0ccda377dd9552e"
        },
        "pipfile-spec": 6,
        "requires": {
            "python_version": "3.6"
        },
        "sources": [
            {
                "name": "pypi",
                "url": "https://pypi.org/simple",
                "verify_ssl": true
            }
        ]
    },
    "default": {
        "timeunit": {
            "hashes": [
                "sha256:ad7ce70c63caec811159b9b06e21aa228b6512566b59c5a0b330532e8be5bc69",
                "sha256:d28a20e3182f73abf54512aba29446cc7312896d4ecc1df0b1dcf07fd3a541b9"
            ],
            "index": "pypi",
            "version": "==1.1.0"
        }
    },
    "develop": {}
}
